github.com/bep/gallerydeluxe v0.15.0 h1:3ixBVbQ3HTFe4Z6lL/A0ynlPMOqrko8qCERmexEU/W8=
github.com/bep/gallerydeluxe v0.15.0/go.mod h1:sUfRcjREo6DwxPo0sMp0TAxNZiGreOY6DY2dWGpSeR8=
github.com/halogenica/beautifulhugo v0.0.0-20260610201901-18c846f83df6 h1:z3VupaZ1StTkdFzJ2rWxhHUNZkK5uKLblJJgG7nUiG0=
github.com/halogenica/beautifulhugo v0.0.0-20260610201901-18c846f83df6/go.mod h1:4dwHt6njigk+fr9W3Bg+OflL4LKzkjbXAULXvr3mYLs=
